name: Regenerate lucide lockfile

on:
  push:
    branches: ["d5/lucide-react-1"]

permissions:
  contents: write

jobs:
  lockfile:
    runs-on: ubuntu-latest
    steps:
      - uses: actions/checkout@11d5960a326750d5838078e36cf38b85af677262
      - uses: actions/setup-node@49933ea5288caeca8642d1e84afbd3f7d6820020
        with:
          node-version: 22
          cache: npm
      - run: npm install --package-lock-only --ignore-scripts
      - name: Commit lockfile if changed
        shell: bash
        run: |
          if git diff --quiet -- package-lock.json; then
            exit 0
          fi
          git config user.name "github-actions[bot]"
          git config user.email "41898282+github-actions[bot]@users.noreply.github.com"
          git add package-lock.json
          git commit -m "chore(d5): regenerate lockfile for lucide-react 1"
          git push origin HEAD:d5/lucide-react-1
